PODS:
  - Kingfisher (7.10.1)
  - lottie-ios (4.3.4)
  - SnapKit (5.6.0)

DEPENDENCIES:
  - Kingfisher
  - lottie-ios
  - SnapKit

SPEC REPOS:
  trunk:
    - Kingfisher
    - lottie-ios
    - SnapKit

SPEC CHECKSUMS:
  Kingfisher: bc5abe80a8e0144537ef1dd5a0b2621b04f7f439
  lottie-ios: 3d98679b41fa6fd6aff2352b3953dbd3df8a397e
  SnapKit: e01d52ebb8ddbc333eefe2132acf85c8227d9c25

PODFILE CHECKSUM: 20552eafd7fcdc96bc4cf87a4d1e44d32aa98d0b

COCOAPODS: 1.13.0
